github.com/Siskarn/go-say-hello v1.1.0 h1:PqCHBiunylFEeQ8X/1yWA+8FMLyGMqdJX2IKv+HSdZk=
github.com/Siskarn/go-say-hello v1.1.0/go.mod h1:RVMGQRzDtll2Zp4ZfPzH30xWcrsfwP5XhgvEw87r4u0=
github.com/Siskarn/go-say-hello v1.1.1 h1:7/zbL7VW6YmLP3f2T8iLSDLlD6n191RN0jG9ExgH7F8=
github.com/Siskarn/go-say-hello v1.1.1/go.mod h1:RVMGQRzDtll2Zp4ZfPzH30xWcrsfwP5XhgvEw87r4u0=
